// !$*UTF8*$!
{
	archiveVersion = 1;
	classes = {
	};
	objectVersion = 56;
	objects = {

/* Begin PBXBuildFile section */
		A10000000000000000000001 /* UsalingoIOSApp.swift in Sources */ = {isa = PBXBuildFile; fileRef = A20000000000000000000001 /* UsalingoIOSApp.swift */; };
		A10000000000000000000002 /* AppState.swift in Sources */ = {isa = PBXBuildFile; fileRef = A20000000000000000000002 /* AppState.swift */; };
		A10000000000000000000003 /* Deck.swift in Sources */ = {isa = PBXBuildFile; fileRef = A20000000000000000000003 /* Deck.swift */; };
		A10000000000000000000004 /* WordCard.swift in Sources */ = {isa = PBXBuildFile; fileRef = A20000000000000000000004 /* WordCard.swift */; };
		A10000000000000000000005 /* LearningProgress.swift in Sources */ = {isa = PBXBuildFile; fileRef = A20000000000000000000005 /* LearningProgress.swift */; };
		A10000000000000000000006 /* SupabaseConfig.swift in Sources */ = {isa = PBXBuildFile; fileRef = A20000000000000000000006 /* SupabaseConfig.swift */; };
		A1000000000000000000002A /* UserFacingError.swift in Sources */ = {isa = PBXBuildFile; fileRef = A2000000000000000000002A /* UserFacingError.swift */; };
		A10000000000000000000007 /* SupabaseClient.swift in Sources */ = {isa = PBXBuildFile; fileRef = A20000000000000000000007 /* SupabaseClient.swift */; };
		A10000000000000000000008 /* AuthService.swift in Sources */ = {isa = PBXBuildFile; fileRef = A20000000000000000000008 /* AuthService.swift */; };
		A1000000000000000000000A /* StudyService.swift in Sources */ = {isa = PBXBuildFile; fileRef = A2000000000000000000000A /* StudyService.swift */; };
		A10000000000000000000030 /* WireColor.swift in Sources */ = {isa = PBXBuildFile; fileRef = A20000000000000000000030 /* WireColor.swift */; };
		A10000000000000000000031 /* WireMetrics.swift in Sources */ = {isa = PBXBuildFile; fileRef = A20000000000000000000031 /* WireMetrics.swift */; };
		A10000000000000000000032 /* WireTypography.swift in Sources */ = {isa = PBXBuildFile; fileRef = A20000000000000000000032 /* WireTypography.swift */; };
		A10000000000000000000033 /* OffsetShadow.swift in Sources */ = {isa = PBXBuildFile; fileRef = A20000000000000000000033 /* OffsetShadow.swift */; };
		A10000000000000000000034 /* OutlineSurface.swift in Sources */ = {isa = PBXBuildFile; fileRef = A20000000000000000000034 /* OutlineSurface.swift */; };
		A10000000000000000000035 /* WireCard.swift in Sources */ = {isa = PBXBuildFile; fileRef = A20000000000000000000035 /* WireCard.swift */; };
		A10000000000000000000036 /* WireButton.swift in Sources */ = {isa = PBXBuildFile; fileRef = A20000000000000000000036 /* WireButton.swift */; };
		A10000000000000000000037 /* WireTextField.swift in Sources */ = {isa = PBXBuildFile; fileRef = A20000000000000000000037 /* WireTextField.swift */; };
		A10000000000000000000038 /* WirePill.swift in Sources */ = {isa = PBXBuildFile; fileRef = A20000000000000000000038 /* WirePill.swift */; };
		A10000000000000000000039 /* WireIconButton.swift in Sources */ = {isa = PBXBuildFile; fileRef = A20000000000000000000039 /* WireIconButton.swift */; };
		A1000000000000000000003A /* WireImagePlaceholder.swift in Sources */ = {isa = PBXBuildFile; fileRef = A2000000000000000000003A /* WireImagePlaceholder.swift */; };
		A1000000000000000000003B /* WireTimeline.swift in Sources */ = {isa = PBXBuildFile; fileRef = A2000000000000000000003B /* WireTimeline.swift */; };
		A1000000000000000000003C /* DesignSystemGallery.swift in Sources */ = {isa = PBXBuildFile; fileRef = A2000000000000000000003C /* DesignSystemGallery.swift */; };
		A1000000000000000000003D /* BentoGroup.swift in Sources */ = {isa = PBXBuildFile; fileRef = A2000000000000000000003D /* BentoGroup.swift */; };
		A1000000000000000000000C /* AuthView.swift in Sources */ = {isa = PBXBuildFile; fileRef = A2000000000000000000000C /* AuthView.swift */; };
		A1000000000000000000000E /* StudySessionView.swift in Sources */ = {isa = PBXBuildFile; fileRef = A2000000000000000000000E /* StudySessionView.swift */; };
		A1000000000000000000000F /* StudyCardView.swift in Sources */ = {isa = PBXBuildFile; fileRef = A2000000000000000000000F /* StudyCardView.swift */; };
		A10000000000000000000013 /* AppShellView.swift in Sources */ = {isa = PBXBuildFile; fileRef = A20000000000000000000013 /* AppShellView.swift */; };
		A10000000000000000000014 /* LearningDashboardView.swift in Sources */ = {isa = PBXBuildFile; fileRef = A20000000000000000000014 /* LearningDashboardView.swift */; };
		A10000000000000000000015 /* DesignDashboardView.swift in Sources */ = {isa = PBXBuildFile; fileRef = A20000000000000000000015 /* DesignDashboardView.swift */; };
		A10000000000000000000016 /* ProfileDashboardView.swift in Sources */ = {isa = PBXBuildFile; fileRef = A20000000000000000000016 /* ProfileDashboardView.swift */; };
		A10000000000000000000017 /* SessionStore.swift in Sources */ = {isa = PBXBuildFile; fileRef = A20000000000000000000017 /* SessionStore.swift */; };
		A10000000000000000000018 /* WordListView.swift in Sources */ = {isa = PBXBuildFile; fileRef = A20000000000000000000018 /* WordListView.swift */; };
		A10000000000000000000019 /* AudioPlaybackService.swift in Sources */ = {isa = PBXBuildFile; fileRef = A20000000000000000000019 /* AudioPlaybackService.swift */; };
		A1000000000000000000001A /* WordEditSheet.swift in Sources */ = {isa = PBXBuildFile; fileRef = A2000000000000000000001A /* WordEditSheet.swift */; };
		A1000000000000000000001B /* TagSheet.swift in Sources */ = {isa = PBXBuildFile; fileRef = A2000000000000000000001B /* TagSheet.swift */; };
		A1000000000000000000001C /* DesignSettings.swift in Sources */ = {isa = PBXBuildFile; fileRef = A2000000000000000000001C /* DesignSettings.swift */; };
		A1000000000000000000001F /* SwipeTutorialView.swift in Sources */ = {isa = PBXBuildFile; fileRef = A2000000000000000000001F /* SwipeTutorialView.swift */; };
		A10000000000000000000020 /* AccountDeletionService.swift in Sources */ = {isa = PBXBuildFile; fileRef = A20000000000000000000020 /* AccountDeletionService.swift */; };
		A10000000000000000000021 /* AppInfo.swift in Sources */ = {isa = PBXBuildFile; fileRef = A20000000000000000000021 /* AppInfo.swift */; };
		A10000000000000000000022 /* Licenses in Resources */ = {isa = PBXBuildFile; fileRef = A20000000000000000000022 /* Licenses */; };
		A10000000000000000000027 /* SampleDecks in Resources */ = {isa = PBXBuildFile; fileRef = A20000000000000000000027 /* SampleDecks */; };
		A10000000000000000000023 /* DeckFile.swift in Sources */ = {isa = PBXBuildFile; fileRef = A20000000000000000000023 /* DeckFile.swift */; };
		A10000000000000000000024 /* StudyDataSource.swift in Sources */ = {isa = PBXBuildFile; fileRef = A20000000000000000000024 /* StudyDataSource.swift */; };
		A10000000000000000000025 /* LocalStudyDataSource.swift in Sources */ = {isa = PBXBuildFile; fileRef = A20000000000000000000025 /* LocalStudyDataSource.swift */; };
		A10000000000000000000026 /* DeckLibraryView.swift in Sources */ = {isa = PBXBuildFile; fileRef = A20000000000000000000026 /* DeckLibraryView.swift */; };
		A10000000000000000000029 /* StudyBackupSheet.swift in Sources */ = {isa = PBXBuildFile; fileRef = A20000000000000000000029 /* StudyBackupSheet.swift */; };
		A10000000000000000000028 /* GuestStudyBackupService.swift in Sources */ = {isa = PBXBuildFile; fileRef = A20000000000000000000028 /* GuestStudyBackupService.swift */; };
		B10000000000000000000001 /* LearningProgressTests.swift in Sources */ = {isa = PBXBuildFile; fileRef = B20000000000000000000001 /* LearningProgressTests.swift */; };
		B1000000000000000000000B /* UserFacingErrorTests.swift in Sources */ = {isa = PBXBuildFile; fileRef = B2000000000000000000000B /* UserFacingErrorTests.swift */; };
		B10000000000000000000002 /* WordCardTests.swift in Sources */ = {isa = PBXBuildFile; fileRef = B20000000000000000000003 /* WordCardTests.swift */; };
		B10000000000000000000004 /* AuthTransportTests.swift in Sources */ = {isa = PBXBuildFile; fileRef = B20000000000000000000005 /* AuthTransportTests.swift */; };
		B10000000000000000000005 /* AuthConfirmationTests.swift in Sources */ = {isa = PBXBuildFile; fileRef = B20000000000000000000006 /* AuthConfirmationTests.swift */; };
		B10000000000000000000006 /* AccountDeletionTests.swift in Sources */ = {isa = PBXBuildFile; fileRef = B20000000000000000000007 /* AccountDeletionTests.swift */; };
		B10000000000000000000007 /* AppInfoTests.swift in Sources */ = {isa = PBXBuildFile; fileRef = B20000000000000000000008 /* AppInfoTests.swift */; };
		B10000000000000000000008 /* LocalStudyDataSourceTests.swift in Sources */ = {isa = PBXBuildFile; fileRef = B20000000000000000000009 /* LocalStudyDataSourceTests.swift */; };
		B1000000000000000000000A /* GuestStudyBackupServiceTests.swift in Sources */ = {isa = PBXBuildFile; fileRef = B2000000000000000000000A /* GuestStudyBackupServiceTests.swift */; };
/* End PBXBuildFile section */

/* Begin PBXContainerItemProxy section */
		B00000000000000000000001 /* PBXContainerItemProxy */ = {
			isa = PBXContainerItemProxy;
			containerPortal = A60000000000000000000001 /* Project object */;
			proxyType = 1;
			remoteGlobalIDString = A50000000000000000000001;
			remoteInfo = UsalingoIOS;
		};
/* End PBXContainerItemProxy section */

/* Begin PBXFileReference section */
		A20000000000000000000001 /* UsalingoIOSApp.swift */ = {isa = PBXFileReference; lastKnownFileType = sourcecode.swift; path = UsalingoIOSApp.swift; sourceTree = "<group>"; };
		A20000000000000000000002 /* AppState.swift */ = {isa = PBXFileReference; lastKnownFileType = sourcecode.swift; path = App/AppState.swift; sourceTree = "<group>"; };
		A20000000000000000000003 /* Deck.swift */ = {isa = PBXFileReference; lastKnownFileType = sourcecode.swift; path = Models/Deck.swift; sourceTree = "<group>"; };
		A20000000000000000000004 /* WordCard.swift */ = {isa = PBXFileReference; lastKnownFileType = sourcecode.swift; path = Models/WordCard.swift; sourceTree = "<group>"; };
		A20000000000000000000005 /* LearningProgress.swift */ = {isa = PBXFileReference; lastKnownFileType = sourcecode.swift; path = Models/LearningProgress.swift; sourceTree = "<group>"; };
		A20000000000000000000006 /* SupabaseConfig.swift */ = {isa = PBXFileReference; lastKnownFileType = sourcecode.swift; path = Services/SupabaseConfig.swift; sourceTree = "<group>"; };
		A2000000000000000000002A /* UserFacingError.swift */ = {isa = PBXFileReference; lastKnownFileType = sourcecode.swift; path = Services/UserFacingError.swift; sourceTree = "<group>"; };
		A20000000000000000000007 /* SupabaseClient.swift */ = {isa = PBXFileReference; lastKnownFileType = sourcecode.swift; path = Services/SupabaseClient.swift; sourceTree = "<group>"; };
		A20000000000000000000008 /* AuthService.swift */ = {isa = PBXFileReference; lastKnownFileType = sourcecode.swift; path = Services/AuthService.swift; sourceTree = "<group>"; };
		A2000000000000000000000A /* StudyService.swift */ = {isa = PBXFileReference; lastKnownFileType = sourcecode.swift; path = Services/StudyService.swift; sourceTree = "<group>"; };
		A20000000000000000000030 /* WireColor.swift */ = {isa = PBXFileReference; lastKnownFileType = sourcecode.swift; path = DesignSystem/Tokens/WireColor.swift; sourceTree = "<group>"; };
		A20000000000000000000031 /* WireMetrics.swift */ = {isa = PBXFileReference; lastKnownFileType = sourcecode.swift; path = DesignSystem/Tokens/WireMetrics.swift; sourceTree = "<group>"; };
		A20000000000000000000032 /* WireTypography.swift */ = {isa = PBXFileReference; lastKnownFileType = sourcecode.swift; path = DesignSystem/Tokens/WireTypography.swift; sourceTree = "<group>"; };
		A20000000000000000000033 /* OffsetShadow.swift */ = {isa = PBXFileReference; lastKnownFileType = sourcecode.swift; path = DesignSystem/Modifiers/OffsetShadow.swift; sourceTree = "<group>"; };
		A20000000000000000000034 /* OutlineSurface.swift */ = {isa = PBXFileReference; lastKnownFileType = sourcecode.swift; path = DesignSystem/Modifiers/OutlineSurface.swift; sourceTree = "<group>"; };
		A20000000000000000000035 /* WireCard.swift */ = {isa = PBXFileReference; lastKnownFileType = sourcecode.swift; path = DesignSystem/Components/WireCard.swift; sourceTree = "<group>"; };
		A20000000000000000000036 /* WireButton.swift */ = {isa = PBXFileReference; lastKnownFileType = sourcecode.swift; path = DesignSystem/Components/WireButton.swift; sourceTree = "<group>"; };
		A20000000000000000000037 /* WireTextField.swift */ = {isa = PBXFileReference; lastKnownFileType = sourcecode.swift; path = DesignSystem/Components/WireTextField.swift; sourceTree = "<group>"; };
		A20000000000000000000038 /* WirePill.swift */ = {isa = PBXFileReference; lastKnownFileType = sourcecode.swift; path = DesignSystem/Components/WirePill.swift; sourceTree = "<group>"; };
		A20000000000000000000039 /* WireIconButton.swift */ = {isa = PBXFileReference; lastKnownFileType = sourcecode.swift; path = DesignSystem/Components/WireIconButton.swift; sourceTree = "<group>"; };
		A2000000000000000000003A /* WireImagePlaceholder.swift */ = {isa = PBXFileReference; lastKnownFileType = sourcecode.swift; path = DesignSystem/Components/WireImagePlaceholder.swift; sourceTree = "<group>"; };
		A2000000000000000000003B /* WireTimeline.swift */ = {isa = PBXFileReference; lastKnownFileType = sourcecode.swift; path = DesignSystem/Components/WireTimeline.swift; sourceTree = "<group>"; };
		A2000000000000000000003C /* DesignSystemGallery.swift */ = {isa = PBXFileReference; lastKnownFileType = sourcecode.swift; path = DesignSystem/Previews/DesignSystemGallery.swift; sourceTree = "<group>"; };
		A2000000000000000000003D /* BentoGroup.swift */ = {isa = PBXFileReference; lastKnownFileType = sourcecode.swift; path = DesignSystem/Components/BentoGroup.swift; sourceTree = "<group>"; };
		A2000000000000000000000C /* AuthView.swift */ = {isa = PBXFileReference; lastKnownFileType = sourcecode.swift; path = Features/Auth/AuthView.swift; sourceTree = "<group>"; };
		A2000000000000000000000E /* StudySessionView.swift */ = {isa = PBXFileReference; lastKnownFileType = sourcecode.swift; path = Features/Study/StudySessionView.swift; sourceTree = "<group>"; };
		A2000000000000000000000F /* StudyCardView.swift */ = {isa = PBXFileReference; lastKnownFileType = sourcecode.swift; path = Features/Study/StudyCardView.swift; sourceTree = "<group>"; };
		A20000000000000000000010 /* UsalingoIOS.app */ = {isa = PBXFileReference; explicitFileType = wrapper.application; includeInIndex = 0; path = UsalingoIOS.app; sourceTree = BUILT_PRODUCTS_DIR; };
		A20000000000000000000011 /* Local.xcconfig */ = {isa = PBXFileReference; lastKnownFileType = text.xcconfig; path = Config/Local.xcconfig; sourceTree = "<group>"; };
		A20000000000000000000012 /* Info.plist */ = {isa = PBXFileReference; lastKnownFileType = text.plist.xml; path = Info.plist; sourceTree = "<group>"; };
		A20000000000000000000013 /* AppShellView.swift */ = {isa = PBXFileReference; lastKnownFileType = sourcecode.swift; path = Features/Shell/AppShellView.swift; sourceTree = "<group>"; };
		A20000000000000000000014 /* LearningDashboardView.swift */ = {isa = PBXFileReference; lastKnownFileType = sourcecode.swift; path = Features/Learning/LearningDashboardView.swift; sourceTree = "<group>"; };
		A20000000000000000000015 /* DesignDashboardView.swift */ = {isa = PBXFileReference; lastKnownFileType = sourcecode.swift; path = Features/Design/DesignDashboardView.swift; sourceTree = "<group>"; };
		A20000000000000000000016 /* ProfileDashboardView.swift */ = {isa = PBXFileReference; lastKnownFileType = sourcecode.swift; path = Features/Profile/ProfileDashboardView.swift; sourceTree = "<group>"; };
		A20000000000000000000017 /* SessionStore.swift */ = {isa = PBXFileReference; lastKnownFileType = sourcecode.swift; path = Services/SessionStore.swift; sourceTree = "<group>"; };
		A20000000000000000000018 /* WordListView.swift */ = {isa = PBXFileReference; lastKnownFileType = sourcecode.swift; path = Features/Words/WordListView.swift; sourceTree = "<group>"; };
		A20000000000000000000019 /* AudioPlaybackService.swift */ = {isa = PBXFileReference; lastKnownFileType = sourcecode.swift; path = Services/AudioPlaybackService.swift; sourceTree = "<group>"; };
		A2000000000000000000001A /* WordEditSheet.swift */ = {isa = PBXFileReference; lastKnownFileType = sourcecode.swift; path = Features/Words/WordEditSheet.swift; sourceTree = "<group>"; };
		A2000000000000000000001B /* TagSheet.swift */ = {isa = PBXFileReference; lastKnownFileType = sourcecode.swift; path = Features/Words/TagSheet.swift; sourceTree = "<group>"; };
		A2000000000000000000001C /* DesignSettings.swift */ = {isa = PBXFileReference; lastKnownFileType = sourcecode.swift; path = Models/DesignSettings.swift; sourceTree = "<group>"; };
		A2000000000000000000001F /* SwipeTutorialView.swift */ = {isa = PBXFileReference; lastKnownFileType = sourcecode.swift; path = Features/Study/SwipeTutorialView.swift; sourceTree = "<group>"; };
		A20000000000000000000020 /* AccountDeletionService.swift */ = {isa = PBXFileReference; lastKnownFileType = sourcecode.swift; path = Services/AccountDeletionService.swift; sourceTree = "<group>"; };
		A20000000000000000000021 /* AppInfo.swift */ = {isa = PBXFileReference; lastKnownFileType = sourcecode.swift; path = Services/AppInfo.swift; sourceTree = "<group>"; };
		A20000000000000000000022 /* Licenses */ = {isa = PBXFileReference; lastKnownFileType = folder; path = Resources/Licenses; sourceTree = "<group>"; };
		A20000000000000000000027 /* SampleDecks */ = {isa = PBXFileReference; lastKnownFileType = folder; path = Resources/SampleDecks; sourceTree = "<group>"; };
		A20000000000000000000023 /* DeckFile.swift */ = {isa = PBXFileReference; lastKnownFileType = sourcecode.swift; path = Models/DeckFile.swift; sourceTree = "<group>"; };
		A20000000000000000000024 /* StudyDataSource.swift */ = {isa = PBXFileReference; lastKnownFileType = sourcecode.swift; path = Services/StudyDataSource.swift; sourceTree = "<group>"; };
		A20000000000000000000025 /* LocalStudyDataSource.swift */ = {isa = PBXFileReference; lastKnownFileType = sourcecode.swift; path = Services/LocalStudyDataSource.swift; sourceTree = "<group>"; };
		A20000000000000000000026 /* DeckLibraryView.swift */ = {isa = PBXFileReference; lastKnownFileType = sourcecode.swift; path = Features/Learning/DeckLibraryView.swift; sourceTree = "<group>"; };
		A20000000000000000000029 /* StudyBackupSheet.swift */ = {isa = PBXFileReference; lastKnownFileType = sourcecode.swift; path = Features/Profile/StudyBackupSheet.swift; sourceTree = "<group>"; };
		A20000000000000000000028 /* GuestStudyBackupService.swift */ = {isa = PBXFileReference; lastKnownFileType = sourcecode.swift; path = Services/GuestStudyBackupService.swift; sourceTree = "<group>"; };
		B20000000000000000000001 /* LearningProgressTests.swift */ = {isa = PBXFileReference; lastKnownFileType = sourcecode.swift; path = LearningProgressTests.swift; sourceTree = "<group>"; };
		B2000000000000000000000B /* UserFacingErrorTests.swift */ = {isa = PBXFileReference; lastKnownFileType = sourcecode.swift; path = UserFacingErrorTests.swift; sourceTree = "<group>"; };
		B20000000000000000000002 /* UsalingoIOSTests.xctest */ = {isa = PBXFileReference; explicitFileType = wrapper.cfbundle; includeInIndex = 0; path = UsalingoIOSTests.xctest; sourceTree = BUILT_PRODUCTS_DIR; };
		B20000000000000000000003 /* WordCardTests.swift */ = {isa = PBXFileReference; lastKnownFileType = sourcecode.swift; path = WordCardTests.swift; sourceTree = "<group>"; };
		B20000000000000000000005 /* AuthTransportTests.swift */ = {isa = PBXFileReference; lastKnownFileType = sourcecode.swift; path = AuthTransportTests.swift; sourceTree = "<group>"; };
		B20000000000000000000006 /* AuthConfirmationTests.swift */ = {isa = PBXFileReference; lastKnownFileType = sourcecode.swift; path = AuthConfirmationTests.swift; sourceTree = "<group>"; };
		B20000000000000000000007 /* AccountDeletionTests.swift */ = {isa = PBXFileReference; lastKnownFileType = sourcecode.swift; path = AccountDeletionTests.swift; sourceTree = "<group>"; };
		B20000000000000000000008 /* AppInfoTests.swift */ = {isa = PBXFileReference; lastKnownFileType = sourcecode.swift; path = AppInfoTests.swift; sourceTree = "<group>"; };
		B20000000000000000000009 /* LocalStudyDataSourceTests.swift */ = {isa = PBXFileReference; lastKnownFileType = sourcecode.swift; path = LocalStudyDataSourceTests.swift; sourceTree = "<group>"; };
		B2000000000000000000000A /* GuestStudyBackupServiceTests.swift */ = {isa = PBXFileReference; lastKnownFileType = sourcecode.swift; path = GuestStudyBackupServiceTests.swift; sourceTree = "<group>"; };
/* End PBXFileReference section */

/* Begin PBXFrameworksBuildPhase section */
		A30000000000000000000001 /* Frameworks */ = {
			isa = PBXFrameworksBuildPhase;
			buildActionMask = 2147483647;
			files = (
			);
			runOnlyForDeploymentPostprocessing = 0;
		};
		B30000000000000000000001 /* Frameworks */ = {
			isa = PBXFrameworksBuildPhase;
			buildActionMask = 2147483647;
			files = (
			);
			runOnlyForDeploymentPostprocessing = 0;
		};
/* End PBXFrameworksBuildPhase section */

/* Begin PBXGroup section */
		A40000000000000000000001 = {
			isa = PBXGroup;
			children = (
				A40000000000000000000002 /* UsalingoIOS */,
				B40000000000000000000001 /* UsalingoIOSTests */,
				A20000000000000000000011 /* Local.xcconfig */,
				A40000000000000000000003 /* Products */,
			);
			sourceTree = "<group>";
		};
		A40000000000000000000002 /* UsalingoIOS */ = {
			isa = PBXGroup;
			children = (
				A20000000000000000000001 /* UsalingoIOSApp.swift */,
				A20000000000000000000002 /* AppState.swift */,
				A20000000000000000000003 /* Deck.swift */,
				A20000000000000000000004 /* WordCard.swift */,
				A20000000000000000000005 /* LearningProgress.swift */,
				A20000000000000000000023 /* DeckFile.swift */,
				A2000000000000000000001C /* DesignSettings.swift */,
				A20000000000000000000006 /* SupabaseConfig.swift */,
				A2000000000000000000002A /* UserFacingError.swift */,
				A20000000000000000000007 /* SupabaseClient.swift */,
				A20000000000000000000008 /* AuthService.swift */,
				A20000000000000000000020 /* AccountDeletionService.swift */,
				A20000000000000000000021 /* AppInfo.swift */,
				A2000000000000000000000A /* StudyService.swift */,
				A20000000000000000000024 /* StudyDataSource.swift */,
				A20000000000000000000025 /* LocalStudyDataSource.swift */,
				A20000000000000000000017 /* SessionStore.swift */,
				A20000000000000000000019 /* AudioPlaybackService.swift */,
				A20000000000000000000030 /* WireColor.swift */,
				A20000000000000000000031 /* WireMetrics.swift */,
				A20000000000000000000032 /* WireTypography.swift */,
				A20000000000000000000033 /* OffsetShadow.swift */,
				A20000000000000000000034 /* OutlineSurface.swift */,
				A20000000000000000000035 /* WireCard.swift */,
				A20000000000000000000036 /* WireButton.swift */,
				A20000000000000000000037 /* WireTextField.swift */,
				A20000000000000000000038 /* WirePill.swift */,
				A20000000000000000000039 /* WireIconButton.swift */,
				A2000000000000000000003A /* WireImagePlaceholder.swift */,
				A2000000000000000000003B /* WireTimeline.swift */,
				A2000000000000000000003C /* DesignSystemGallery.swift */,
				A2000000000000000000003D /* BentoGroup.swift */,
				A2000000000000000000000C /* AuthView.swift */,
				A2000000000000000000000E /* StudySessionView.swift */,
				A2000000000000000000000F /* StudyCardView.swift */,
				A20000000000000000000013 /* AppShellView.swift */,
				A20000000000000000000014 /* LearningDashboardView.swift */,
				A20000000000000000000026 /* DeckLibraryView.swift */,
				A20000000000000000000029 /* StudyBackupSheet.swift */,
				A20000000000000000000028 /* GuestStudyBackupService.swift */,
				A20000000000000000000015 /* DesignDashboardView.swift */,
				A20000000000000000000016 /* ProfileDashboardView.swift */,
				A20000000000000000000018 /* WordListView.swift */,
				A2000000000000000000001A /* WordEditSheet.swift */,
				A2000000000000000000001B /* TagSheet.swift */,
				A2000000000000000000001F /* SwipeTutorialView.swift */,
				A20000000000000000000022 /* Licenses */,
				A20000000000000000000027 /* SampleDecks */,
				A20000000000000000000012 /* Info.plist */,
			);
			path = UsalingoIOS;
			sourceTree = "<group>";
		};
		A40000000000000000000003 /* Products */ = {
			isa = PBXGroup;
			children = (
				A20000000000000000000010 /* UsalingoIOS.app */,
				B20000000000000000000002 /* UsalingoIOSTests.xctest */,
			);
			name = Products;
			sourceTree = "<group>";
		};
		B40000000000000000000001 /* UsalingoIOSTests */ = {
			isa = PBXGroup;
			children = (
				B20000000000000000000001 /* LearningProgressTests.swift */,
				B2000000000000000000000B /* UserFacingErrorTests.swift */,
				B20000000000000000000003 /* WordCardTests.swift */,
				B20000000000000000000005 /* AuthTransportTests.swift */,
				B20000000000000000000006 /* AuthConfirmationTests.swift */,
				B20000000000000000000007 /* AccountDeletionTests.swift */,
				B20000000000000000000008 /* AppInfoTests.swift */,
				B20000000000000000000009 /* LocalStudyDataSourceTests.swift */,
				B2000000000000000000000A /* GuestStudyBackupServiceTests.swift */,
			);
			path = UsalingoIOSTests;
			sourceTree = "<group>";
		};
/* End PBXGroup section */

/* Begin PBXNativeTarget section */
		A50000000000000000000001 /* UsalingoIOS */ = {
			isa = PBXNativeTarget;
			buildConfigurationList = A90000000000000000000003 /* Build configuration list for PBXNativeTarget "UsalingoIOS" */;
			buildPhases = (
				A70000000000000000000001 /* Sources */,
				A30000000000000000000001 /* Frameworks */,
				AA0000000000000000000001 /* Resources */,
			);
			buildRules = (
			);
			dependencies = (
			);
			name = UsalingoIOS;
			productName = UsalingoIOS;
			productReference = A20000000000000000000010 /* UsalingoIOS.app */;
			productType = "com.apple.product-type.application";
		};
		B50000000000000000000001 /* UsalingoIOSTests */ = {
			isa = PBXNativeTarget;
			buildConfigurationList = B90000000000000000000001 /* Build configuration list for PBXNativeTarget "UsalingoIOSTests" */;
			buildPhases = (
				B70000000000000000000001 /* Sources */,
				B30000000000000000000001 /* Frameworks */,
			);
			buildRules = (
			);
			dependencies = (
				B60000000000000000000001 /* PBXTargetDependency */,
			);
			name = UsalingoIOSTests;
			productName = UsalingoIOSTests;
			productReference = B20000000000000000000002 /* UsalingoIOSTests.xctest */;
			productType = "com.apple.product-type.bundle.unit-test";
		};
/* End PBXNativeTarget section */

/* Begin PBXProject section */
		A60000000000000000000001 /* Project object */ = {
			isa = PBXProject;
			attributes = {
				BuildIndependentTargetsInParallel = 1;
				LastSwiftUpdateCheck = 1600;
				LastUpgradeCheck = 1600;
				TargetAttributes = {
					A50000000000000000000001 = {
						CreatedOnToolsVersion = 16.0;
					};
					B50000000000000000000001 = {
						CreatedOnToolsVersion = 16.0;
						TestTargetID = A50000000000000000000001;
					};
				};
			};
			buildConfigurationList = A90000000000000000000001 /* Build configuration list for PBXProject "UsalingoIOS" */;
			compatibilityVersion = "Xcode 14.0";
			developmentRegion = en;
			hasScannedForEncodings = 0;
			knownRegions = (
				en,
				Base,
			);
			mainGroup = A40000000000000000000001;
			productRefGroup = A40000000000000000000003 /* Products */;
			projectDirPath = "";
			projectRoot = "";
			targets = (
				A50000000000000000000001 /* UsalingoIOS */,
				B50000000000000000000001 /* UsalingoIOSTests */,
			);
		};
/* End PBXProject section */

/* Begin PBXResourcesBuildPhase section */
		AA0000000000000000000001 /* Resources */ = {
			isa = PBXResourcesBuildPhase;
			buildActionMask = 2147483647;
			files = (
				A10000000000000000000022 /* Licenses in Resources */,
				A10000000000000000000027 /* SampleDecks in Resources */,
			);
			runOnlyForDeploymentPostprocessing = 0;
		};
/* End PBXResourcesBuildPhase section */

/* Begin PBXSourcesBuildPhase section */
		A70000000000000000000001 /* Sources */ = {
			isa = PBXSourcesBuildPhase;
			buildActionMask = 2147483647;
			files = (
				A10000000000000000000001 /* UsalingoIOSApp.swift in Sources */,
				A10000000000000000000002 /* AppState.swift in Sources */,
				A10000000000000000000003 /* Deck.swift in Sources */,
				A10000000000000000000004 /* WordCard.swift in Sources */,
				A10000000000000000000005 /* LearningProgress.swift in Sources */,
				A10000000000000000000006 /* SupabaseConfig.swift in Sources */,
				A1000000000000000000002A /* UserFacingError.swift in Sources */,
				A10000000000000000000007 /* SupabaseClient.swift in Sources */,
				A10000000000000000000008 /* AuthService.swift in Sources */,
				A1000000000000000000000A /* StudyService.swift in Sources */,
				A10000000000000000000023 /* DeckFile.swift in Sources */,
				A10000000000000000000024 /* StudyDataSource.swift in Sources */,
				A10000000000000000000025 /* LocalStudyDataSource.swift in Sources */,
				A10000000000000000000030 /* WireColor.swift in Sources */,
				A10000000000000000000031 /* WireMetrics.swift in Sources */,
				A10000000000000000000032 /* WireTypography.swift in Sources */,
				A10000000000000000000033 /* OffsetShadow.swift in Sources */,
				A10000000000000000000034 /* OutlineSurface.swift in Sources */,
				A10000000000000000000035 /* WireCard.swift in Sources */,
				A10000000000000000000036 /* WireButton.swift in Sources */,
				A10000000000000000000037 /* WireTextField.swift in Sources */,
				A10000000000000000000038 /* WirePill.swift in Sources */,
				A10000000000000000000039 /* WireIconButton.swift in Sources */,
				A1000000000000000000003A /* WireImagePlaceholder.swift in Sources */,
				A1000000000000000000003B /* WireTimeline.swift in Sources */,
				A1000000000000000000003C /* DesignSystemGallery.swift in Sources */,
				A1000000000000000000003D /* BentoGroup.swift in Sources */,
				A1000000000000000000000C /* AuthView.swift in Sources */,
				A1000000000000000000000E /* StudySessionView.swift in Sources */,
				A1000000000000000000000F /* StudyCardView.swift in Sources */,
				A10000000000000000000013 /* AppShellView.swift in Sources */,
				A10000000000000000000014 /* LearningDashboardView.swift in Sources */,
				A10000000000000000000026 /* DeckLibraryView.swift in Sources */,
				A10000000000000000000029 /* StudyBackupSheet.swift in Sources */,
				A10000000000000000000028 /* GuestStudyBackupService.swift in Sources */,
				A10000000000000000000015 /* DesignDashboardView.swift in Sources */,
				A10000000000000000000016 /* ProfileDashboardView.swift in Sources */,
				A10000000000000000000017 /* SessionStore.swift in Sources */,
				A10000000000000000000018 /* WordListView.swift in Sources */,
				A10000000000000000000019 /* AudioPlaybackService.swift in Sources */,
				A1000000000000000000001A /* WordEditSheet.swift in Sources */,
				A1000000000000000000001B /* TagSheet.swift in Sources */,
				A1000000000000000000001C /* DesignSettings.swift in Sources */,
				A1000000000000000000001F /* SwipeTutorialView.swift in Sources */,
				A10000000000000000000020 /* AccountDeletionService.swift in Sources */,
				A10000000000000000000021 /* AppInfo.swift in Sources */,
			);
			runOnlyForDeploymentPostprocessing = 0;
		};
		B70000000000000000000001 /* Sources */ = {
			isa = PBXSourcesBuildPhase;
			buildActionMask = 2147483647;
			files = (
				B10000000000000000000001 /* LearningProgressTests.swift in Sources */,
				B1000000000000000000000B /* UserFacingErrorTests.swift in Sources */,
				B10000000000000000000002 /* WordCardTests.swift in Sources */,
				B10000000000000000000004 /* AuthTransportTests.swift in Sources */,
				B10000000000000000000005 /* AuthConfirmationTests.swift in Sources */,
				B10000000000000000000006 /* AccountDeletionTests.swift in Sources */,
				B10000000000000000000007 /* AppInfoTests.swift in Sources */,
				B10000000000000000000008 /* LocalStudyDataSourceTests.swift in Sources */,
				B1000000000000000000000A /* GuestStudyBackupServiceTests.swift in Sources */,
			);
			runOnlyForDeploymentPostprocessing = 0;
		};
/* End PBXSourcesBuildPhase section */

/* Begin PBXTargetDependency section */
		B60000000000000000000001 /* PBXTargetDependency */ = {
			isa = PBXTargetDependency;
			target = A50000000000000000000001 /* UsalingoIOS */;
			targetProxy = B00000000000000000000001 /* PBXContainerItemProxy */;
		};
/* End PBXTargetDependency section */

/* Begin XCBuildConfiguration section */
		A80000000000000000000001 /* Debug */ = {
			isa = XCBuildConfiguration;
			buildSettings = {
				ALWAYS_SEARCH_USER_PATHS = NO;
				CLANG_ANALYZER_NONNULL = YES;
				CLANG_ANALYZER_NUMBER_OBJECT_CONVERSION = YES_AGGRESSIVE;
				CLANG_CXX_LANGUAGE_STANDARD = "gnu++20";
				CLANG_ENABLE_MODULES = YES;
				CLANG_ENABLE_OBJC_ARC = YES;
				CLANG_ENABLE_OBJC_WEAK = YES;
				CLANG_WARN_BLOCK_CAPTURE_AUTORELEASING = YES;
				CLANG_WARN_BOOL_CONVERSION = YES;
				CLANG_WARN_COMMA = YES;
				CLANG_WARN_CONSTANT_CONVERSION = YES;
				CLANG_WARN_DEPRECATED_OBJC_IMPLEMENTATIONS = YES;
				CLANG_WARN_DIRECT_OBJC_ISA_USAGE = YES_ERROR;
				CLANG_WARN_DOCUMENTATION_COMMENTS = YES;
				CLANG_WARN_EMPTY_BODY = YES;
				CLANG_WARN_ENUM_CONVERSION = YES;
				CLANG_WARN_INFINITE_RECURSION = YES;
				CLANG_WARN_INT_CONVERSION = YES;
				CLANG_WARN_NON_LITERAL_NULL_CONVERSION = YES;
				CLANG_WARN_OBJC_IMPLICIT_RETAIN_SELF = YES;
				CLANG_WARN_OBJC_LITERAL_CONVERSION = YES;
				CLANG_WARN_OBJC_ROOT_CLASS = YES_ERROR;
				CLANG_WARN_QUOTED_INCLUDE_IN_FRAMEWORK_HEADER = YES;
				CLANG_WARN_RANGE_LOOP_ANALYSIS = YES;
				CLANG_WARN_STRICT_PROTOTYPES = YES;
				CLANG_WARN_SUSPICIOUS_MOVE = YES;
				CLANG_WARN_UNGUARDED_AVAILABILITY = YES_AGGRESSIVE;
				CLANG_WARN_UNREACHABLE_CODE = YES;
				CLANG_WARN__DUPLICATE_METHOD_MATCH = YES;
				COPY_PHASE_STRIP = NO;
				DEBUG_INFORMATION_FORMAT = dwarf;
				ENABLE_STRICT_OBJC_MSGSEND = YES;
				ENABLE_TESTABILITY = YES;
				GCC_C_LANGUAGE_STANDARD = gnu17;
				GCC_DYNAMIC_NO_PIC = NO;
				GCC_NO_COMMON_BLOCKS = YES;
				GCC_OPTIMIZATION_LEVEL = 0;
				GCC_PREPROCESSOR_DEFINITIONS = (
					"DEBUG=1",
					"$(inherited)",
				);
				GCC_WARN_64_TO_32_BIT_CONVERSION = YES;
				GCC_WARN_ABOUT_RETURN_TYPE = YES_ERROR;
				GCC_WARN_UNDECLARED_SELECTOR = YES;
				GCC_WARN_UNINITIALIZED_AUTOS = YES_AGGRESSIVE;
				GCC_WARN_UNUSED_FUNCTION = YES;
				GCC_WARN_UNUSED_VARIABLE = YES;
				IPHONEOS_DEPLOYMENT_TARGET = 17.0;
				MTL_ENABLE_DEBUG_INFO = INCLUDE_SOURCE;
				MTL_FAST_MATH = YES;
				ONLY_ACTIVE_ARCH = YES;
				SDKROOT = iphoneos;
				SWIFT_ACTIVE_COMPILATION_CONDITIONS = DEBUG;
				SWIFT_OPTIMIZATION_LEVEL = "-Onone";
			};
			name = Debug;
		};
		A80000000000000000000002 /* Release */ = {
			isa = XCBuildConfiguration;
			buildSettings = {
				ALWAYS_SEARCH_USER_PATHS = NO;
				CLANG_ANALYZER_NONNULL = YES;
				CLANG_ANALYZER_NUMBER_OBJECT_CONVERSION = YES_AGGRESSIVE;
				CLANG_CXX_LANGUAGE_STANDARD = "gnu++20";
				CLANG_ENABLE_MODULES = YES;
				CLANG_ENABLE_OBJC_ARC = YES;
				CLANG_ENABLE_OBJC_WEAK = YES;
				CLANG_WARN_BLOCK_CAPTURE_AUTORELEASING = YES;
				CLANG_WARN_BOOL_CONVERSION = YES;
				CLANG_WARN_COMMA = YES;
				CLANG_WARN_CONSTANT_CONVERSION = YES;
				CLANG_WARN_DEPRECATED_OBJC_IMPLEMENTATIONS = YES;
				CLANG_WARN_DIRECT_OBJC_ISA_USAGE = YES_ERROR;
				CLANG_WARN_DOCUMENTATION_COMMENTS = YES;
				CLANG_WARN_EMPTY_BODY = YES;
				CLANG_WARN_ENUM_CONVERSION = YES;
				CLANG_WARN_INFINITE_RECURSION = YES;
				CLANG_WARN_INT_CONVERSION = YES;
				CLANG_WARN_NON_LITERAL_NULL_CONVERSION = YES;
				CLANG_WARN_OBJC_IMPLICIT_RETAIN_SELF = YES;
				CLANG_WARN_OBJC_LITERAL_CONVERSION = YES;
				CLANG_WARN_OBJC_ROOT_CLASS = YES_ERROR;
				CLANG_WARN_QUOTED_INCLUDE_IN_FRAMEWORK_HEADER = YES;
				CLANG_WARN_RANGE_LOOP_ANALYSIS = YES;
				CLANG_WARN_STRICT_PROTOTYPES = YES;
				CLANG_WARN_SUSPICIOUS_MOVE = YES;
				CLANG_WARN_UNGUARDED_AVAILABILITY = YES_AGGRESSIVE;
				CLANG_WARN_UNREACHABLE_CODE = YES;
				CLANG_WARN__DUPLICATE_METHOD_MATCH = YES;
				COPY_PHASE_STRIP = NO;
				DEBUG_INFORMATION_FORMAT = "dwarf-with-dsym";
				ENABLE_NS_ASSERTIONS = NO;
				ENABLE_STRICT_OBJC_MSGSEND = YES;
				GCC_C_LANGUAGE_STANDARD = gnu17;
				GCC_NO_COMMON_BLOCKS = YES;
				GCC_WARN_64_TO_32_BIT_CONVERSION = YES;
				GCC_WARN_ABOUT_RETURN_TYPE = YES_ERROR;
				GCC_WARN_UNDECLARED_SELECTOR = YES;
				GCC_WARN_UNINITIALIZED_AUTOS = YES_AGGRESSIVE;
				GCC_WARN_UNUSED_FUNCTION = YES;
				GCC_WARN_UNUSED_VARIABLE = YES;
				IPHONEOS_DEPLOYMENT_TARGET = 17.0;
				MTL_ENABLE_DEBUG_INFO = NO;
				MTL_FAST_MATH = YES;
				SDKROOT = iphoneos;
				SWIFT_COMPILATION_MODE = wholemodule;
				VALIDATE_PRODUCT = YES;
			};
			name = Release;
		};
		A80000000000000000000003 /* Debug */ = {
			isa = XCBuildConfiguration;
			baseConfigurationReference = A20000000000000000000011 /* Local.xcconfig */;
			buildSettings = {
				ASSETCATALOG_COMPILER_GLOBAL_ACCENT_COLOR_NAME = AccentColor;
				CODE_SIGN_STYLE = Automatic;
				CURRENT_PROJECT_VERSION = 1;
				DEVELOPMENT_ASSET_PATHS = "";
				DEVELOPMENT_TEAM = "";
				ENABLE_PREVIEWS = YES;
				GENERATE_INFOPLIST_FILE = NO;
				INFOPLIST_FILE = UsalingoIOS/Info.plist;
				LD_RUNPATH_SEARCH_PATHS = (
					"$(inherited)",
					"@executable_path/Frameworks",
				);
				MARKETING_VERSION = 0.1.0;
				PRODUCT_BUNDLE_IDENTIFIER = com.usalingo.ios;
				PRODUCT_NAME = "$(TARGET_NAME)";
				SWIFT_EMIT_LOC_STRINGS = YES;
				SWIFT_VERSION = 5.0;
				TARGETED_DEVICE_FAMILY = 1;
			};
			name = Debug;
		};
		A80000000000000000000004 /* Release */ = {
			isa = XCBuildConfiguration;
			baseConfigurationReference = A20000000000000000000011 /* Local.xcconfig */;
			buildSettings = {
				ASSETCATALOG_COMPILER_GLOBAL_ACCENT_COLOR_NAME = AccentColor;
				CODE_SIGN_STYLE = Automatic;
				CURRENT_PROJECT_VERSION = 1;
				DEVELOPMENT_ASSET_PATHS = "";
				DEVELOPMENT_TEAM = "";
				ENABLE_PREVIEWS = YES;
				GENERATE_INFOPLIST_FILE = NO;
				INFOPLIST_FILE = UsalingoIOS/Info.plist;
				LD_RUNPATH_SEARCH_PATHS = (
					"$(inherited)",
					"@executable_path/Frameworks",
				);
				MARKETING_VERSION = 0.1.0;
				PRODUCT_BUNDLE_IDENTIFIER = com.usalingo.ios;
				PRODUCT_NAME = "$(TARGET_NAME)";
				SWIFT_EMIT_LOC_STRINGS = YES;
				SWIFT_VERSION = 5.0;
				TARGETED_DEVICE_FAMILY = 1;
			};
			name = Release;
		};
		B80000000000000000000001 /* Debug */ = {
			isa = XCBuildConfiguration;
			buildSettings = {
				BUNDLE_LOADER = "$(TEST_HOST)";
				CODE_SIGN_STYLE = Automatic;
				CURRENT_PROJECT_VERSION = 1;
				GENERATE_INFOPLIST_FILE = YES;
				IPHONEOS_DEPLOYMENT_TARGET = 17.0;
				MARKETING_VERSION = 0.1.0;
				PRODUCT_BUNDLE_IDENTIFIER = com.usalingo.ios.tests;
				PRODUCT_NAME = "$(TARGET_NAME)";
				SWIFT_EMIT_LOC_STRINGS = NO;
				SWIFT_VERSION = 5.0;
				TARGETED_DEVICE_FAMILY = 1;
				TEST_HOST = "$(BUILT_PRODUCTS_DIR)/UsalingoIOS.app/$(BUNDLE_EXECUTABLE_FOLDER_PATH)/UsalingoIOS";
			};
			name = Debug;
		};
		B80000000000000000000002 /* Release */ = {
			isa = XCBuildConfiguration;
			buildSettings = {
				BUNDLE_LOADER = "$(TEST_HOST)";
				CODE_SIGN_STYLE = Automatic;
				CURRENT_PROJECT_VERSION = 1;
				GENERATE_INFOPLIST_FILE = YES;
				IPHONEOS_DEPLOYMENT_TARGET = 17.0;
				MARKETING_VERSION = 0.1.0;
				PRODUCT_BUNDLE_IDENTIFIER = com.usalingo.ios.tests;
				PRODUCT_NAME = "$(TARGET_NAME)";
				SWIFT_EMIT_LOC_STRINGS = NO;
				SWIFT_VERSION = 5.0;
				TARGETED_DEVICE_FAMILY = 1;
				TEST_HOST = "$(BUILT_PRODUCTS_DIR)/UsalingoIOS.app/$(BUNDLE_EXECUTABLE_FOLDER_PATH)/UsalingoIOS";
			};
			name = Release;
		};
/* End XCBuildConfiguration section */

/* Begin XCConfigurationList section */
		A90000000000000000000001 /* Build configuration list for PBXProject "UsalingoIOS" */ = {
			isa = XCConfigurationList;
			buildConfigurations = (
				A80000000000000000000001 /* Debug */,
				A80000000000000000000002 /* Release */,
			);
			defaultConfigurationIsVisible = 0;
			defaultConfigurationName = Release;
		};
		A90000000000000000000003 /* Build configuration list for PBXNativeTarget "UsalingoIOS" */ = {
			isa = XCConfigurationList;
			buildConfigurations = (
				A80000000000000000000003 /* Debug */,
				A80000000000000000000004 /* Release */,
			);
			defaultConfigurationIsVisible = 0;
			defaultConfigurationName = Release;
		};
		B90000000000000000000001 /* Build configuration list for PBXNativeTarget "UsalingoIOSTests" */ = {
			isa = XCConfigurationList;
			buildConfigurations = (
				B80000000000000000000001 /* Debug */,
				B80000000000000000000002 /* Release */,
			);
			defaultConfigurationIsVisible = 0;
			defaultConfigurationName = Release;
		};
/* End XCConfigurationList section */
	};
	rootObject = A60000000000000000000001 /* Project object */;
}
